// !$*UTF8*$!
{
	archiveVersion = 1;
	classes = {
	};
	objectVersion = 56;
	objects = {

/* Begin PBXBuildFile section */
		A00956482AF63C9E00A0146E /* main.swift in Sources */ = {isa = PBXBuildFile; fileRef = A00956472AF63C9E00A0146E /* main.swift */; };
		A009564F2AF63CAE00A0146E /* 1316.swift in Sources */ = {isa = PBXBuildFile; fileRef = A009564E2AF63CAE00A0146E /* 1316.swift */; };
		A00956742AF862DF00A0146E /* 3040.swift in Sources */ = {isa = PBXBuildFile; fileRef = A00956732AF862DF00A0146E /* 3040.swift */; };
		A00A3BFB2B4C48CA00433AEB /* 1157.swift in Sources */ = {isa = PBXBuildFile; fileRef = A00A3BFA2B4C48CA00433AEB /* 1157.swift */; };
		A00D0CFD2B6025280034AE08 /* programmers-86491.swift in Sources */ = {isa = PBXBuildFile; fileRef = A00D0CFC2B6025280034AE08 /* programmers-86491.swift */; };
		A00D0ECC2BC123A800115998 /* 9012.swift in Sources */ = {isa = PBXBuildFile; fileRef = A00D0ECB2BC123A800115998 /* 9012.swift */; };
		A00D0ECE2BC1395200115998 /* 10773.swift in Sources */ = {isa = PBXBuildFile; fileRef = A00D0ECD2BC1395200115998 /* 10773.swift */; };
		A00D0ED02BC3189B00115998 /* 10814.swift in Sources */ = {isa = PBXBuildFile; fileRef = A00D0ECF2BC3189B00115998 /* 10814.swift */; };
		A00D0ED22BC4135100115998 /* 10816.swift in Sources */ = {isa = PBXBuildFile; fileRef = A00D0ED12BC4135100115998 /* 10816.swift */; };
		A010F5E02BB70A7A00F725FC /* 2775.swift in Sources */ = {isa = PBXBuildFile; fileRef = A010F5DF2BB70A7A00F725FC /* 2775.swift */; };
		A010F5E22BB82DFD00F725FC /* 2798.swift in Sources */ = {isa = PBXBuildFile; fileRef = A010F5E12BB82DFD00F725FC /* 2798.swift */; };
		A01675512B56BC0100AFC9F5 /* 1524.swift in Sources */ = {isa = PBXBuildFile; fileRef = A01675502B56BC0100AFC9F5 /* 1524.swift */; };
		A028E6922BA3573A00234D57 /* 1676.swift in Sources */ = {isa = PBXBuildFile; fileRef = A028E6912BA3573A00234D57 /* 1676.swift */; };
		A037A9962B6FFA7C004638FF /* 1018.swift in Sources */ = {isa = PBXBuildFile; fileRef = A037A9952B6FFA7C004638FF /* 1018.swift */; };
		A04DF81A2BB9AD81003A6DAA /* 2839.swift in Sources */ = {isa = PBXBuildFile; fileRef = A04DF8192BB9AD81003A6DAA /* 2839.swift */; };
		A04DF81C2BBA70C4003A6DAA /* 2869.swift in Sources */ = {isa = PBXBuildFile; fileRef = A04DF81B2BBA70C4003A6DAA /* 2869.swift */; };
		A05362B82BA5D5260037A69C /* 1874.swift in Sources */ = {isa = PBXBuildFile; fileRef = A05362B72BA5D5260037A69C /* 1874.swift */; };
		A05362BA2BA7386A0037A69C /* 1920.swift in Sources */ = {isa = PBXBuildFile; fileRef = A05362B92BA7386A0037A69C /* 1920.swift */; };
		A06937CB2BB570A100A0FC8B /* 2751.swift in Sources */ = {isa = PBXBuildFile; fileRef = A06937CA2BB570A100A0FC8B /* 2751.swift */; };
		A09960542B4EF7BD007D3238 /* 1296.swift in Sources */ = {isa = PBXBuildFile; fileRef = A09960532B4EF7BD007D3238 /* 1296.swift */; };
		A09960562B506A51007D3238 /* 1356.swift in Sources */ = {isa = PBXBuildFile; fileRef = A09960552B506A51007D3238 /* 1356.swift */; };
		A09960582B518379007D3238 /* 1357.swift in Sources */ = {isa = PBXBuildFile; fileRef = A09960572B518379007D3238 /* 1357.swift */; };
		A0A269B02BB05C8F0075CEE1 /* 2164.swift in Sources */ = {isa = PBXBuildFile; fileRef = A0A269AF2BB05C8F0075CEE1 /* 2164.swift */; };
		A0A269B22BB1C7760075CEE1 /* 2231.swift in Sources */ = {isa = PBXBuildFile; fileRef = A0A269B12BB1C7760075CEE1 /* 2231.swift */; };
		A0A269B42BB3195C0075CEE1 /* 2292.swift in Sources */ = {isa = PBXBuildFile; fileRef = A0A269B32BB3195C0075CEE1 /* 2292.swift */; };
		A0A4902D2BBE431D00E1FFCA /* 4949.swift in Sources */ = {isa = PBXBuildFile; fileRef = A0A4902C2BBE431D00E1FFCA /* 4949.swift */; };
		A0A4902F2BC0183900E1FFCA /* 7568.swift in Sources */ = {isa = PBXBuildFile; fileRef = A0A4902E2BC0183900E1FFCA /* 7568.swift */; };
		A0AA5DAB2BC8C36C004FCD48 /* 11866.swift in Sources */ = {isa = PBXBuildFile; fileRef = A0AA5DAA2BC8C36C004FCD48 /* 11866.swift */; };
		A0AA5DAD2BCA551C004FCD48 /* 15829.swift in Sources */ = {isa = PBXBuildFile; fileRef = A0AA5DAC2BCA551C004FCD48 /* 15829.swift */; };
		A0AFB88F2BA1493500D239FD /* 1546.swift in Sources */ = {isa = PBXBuildFile; fileRef = A0AFB88E2BA1493500D239FD /* 1546.swift */; };
		A0AFB8912BA2136A00D239FD /* 1654.swift in Sources */ = {isa = PBXBuildFile; fileRef = A0AFB8902BA2136A00D239FD /* 1654.swift */; };
		A0B25A622BA8680F008947C2 /* 1929.swift in Sources */ = {isa = PBXBuildFile; fileRef = A0B25A612BA8680F008947C2 /* 1929.swift */; };
		A0BDC5182B9C002C004CB2E2 /* 1259.swift in Sources */ = {isa = PBXBuildFile; fileRef = A0BDC5172B9C002C004CB2E2 /* 1259.swift */; };
		A0BDC51A2B9C539C004CB2E2 /* 1436.swift in Sources */ = {isa = PBXBuildFile; fileRef = A0BDC5192B9C539C004CB2E2 /* 1436.swift */; };
		A0BEB1532B08D212002E6B94 /* 14467.swift in Sources */ = {isa = PBXBuildFile; fileRef = A0BEB1522B08D212002E6B94 /* 14467.swift */; };
		A0C75B032BBC2795005583F3 /* 4153.swift in Sources */ = {isa = PBXBuildFile; fileRef = A0C75B022BBC2795005583F3 /* 4153.swift */; };
		A0CB3B192BC50D6400603F7D /* 10828.swift in Sources */ = {isa = PBXBuildFile; fileRef = A0CB3B182BC50D6400603F7D /* 10828.swift */; };
		A0CB3B1B2BC512DC00603F7D /* 10845.swift in Sources */ = {isa = PBXBuildFile; fileRef = A0CB3B1A2BC512DC00603F7D /* 10845.swift */; };
		A0CB3B302BC58D2100603F7D /* 10866.swift in Sources */ = {isa = PBXBuildFile; fileRef = A0CB3B2F2BC58D2100603F7D /* 10866.swift */; };
		A0CB3B322BC69BF200603F7D /* 10989.swift in Sources */ = {isa = PBXBuildFile; fileRef = A0CB3B312BC69BF200603F7D /* 10989.swift */; };
		A0CB3B342BC76D7300603F7D /* 11050.swift in Sources */ = {isa = PBXBuildFile; fileRef = A0CB3B332BC76D7300603F7D /* 11050.swift */; };
		A0CB3B362BC7E20700603F7D /* 11650.swift in Sources */ = {isa = PBXBuildFile; fileRef = A0CB3B352BC7E20700603F7D /* 11650.swift */; };
		A0CB3B382BC7E4CC00603F7D /* 11651.swift in Sources */ = {isa = PBXBuildFile; fileRef = A0CB3B372BC7E4CC00603F7D /* 11651.swift */; };
		A0DC0D262AF9DF6A00DEF5F9 /* 1292.swift in Sources */ = {isa = PBXBuildFile; fileRef = A0DC0D252AF9DF6A00DEF5F9 /* 1292.swift */; };
		A0E04A1A2BADD387008ABF61 /* 2108.swift in Sources */ = {isa = PBXBuildFile; fileRef = A0E04A192BADD387008ABF61 /* 2108.swift */; };
		A0E4F7062B80C70300361666 /* 1181.swift in Sources */ = {isa = PBXBuildFile; fileRef = A0E4F7052B80C70300361666 /* 1181.swift */; };
		A0E6C2DC2BB4429700D80FE1 /* 2609.swift in Sources */ = {isa = PBXBuildFile; fileRef = A0E6C2DB2BB4429700D80FE1 /* 2609.swift */; };
		A0E9B5D32BA967A900DBF101 /* 1966.swift in Sources */ = {isa = PBXBuildFile; fileRef = A0E9B5D22BA967A900DBF101 /* 1966.swift */; };
		A0F2C7452B05AC340005B095 /* 20546.swift in Sources */ = {isa = PBXBuildFile; fileRef = A0F2C7442B05AC340005B095 /* 20546.swift */; };
		A0F30EBC2BAB2BE800DA0846 /* 1978.swift in Sources */ = {isa = PBXBuildFile; fileRef = A0F30EBB2BAB2BE800DA0846 /* 1978.swift */; };
/* End PBXBuildFile section */

/* Begin PBXCopyFilesBuildPhase section */
		A00956422AF63C9E00A0146E /* CopyFiles */ = {
			isa = PBXCopyFilesBuildPhase;
			buildActionMask = 2147483647;
			dstPath = /usr/share/man/man1/;
			dstSubfolderSpec = 0;
			files = (
			);
			runOnlyForDeploymentPostprocessing = 1;
		};
/* End PBXCopyFilesBuildPhase section */

/* Begin PBXFileReference section */
		A00956442AF63C9E00A0146E /* Coding-test */ = {isa = PBXFileReference; explicitFileType = "compiled.mach-o.executable"; includeInIndex = 0; path = "Coding-test"; sourceTree = BUILT_PRODUCTS_DIR; };
		A00956472AF63C9E00A0146E /* main.swift */ = {isa = PBXFileReference; lastKnownFileType = sourcecode.swift; path = main.swift; sourceTree = "<group>"; };
		A009564E2AF63CAE00A0146E /* 1316.swift */ = {isa = PBXFileReference; lastKnownFileType = sourcecode.swift; path = 1316.swift; sourceTree = "<group>"; };
		A00956732AF862DF00A0146E /* 3040.swift */ = {isa = PBXFileReference; lastKnownFileType = sourcecode.swift; path = 3040.swift; sourceTree = "<group>"; };
		A00956752AF9DA2700A0146E /* README.md */ = {isa = PBXFileReference; lastKnownFileType = net.daringfireball.markdown; path = README.md; sourceTree = "<group>"; };
		A00A3BFA2B4C48CA00433AEB /* 1157.swift */ = {isa = PBXFileReference; lastKnownFileType = sourcecode.swift; path = 1157.swift; sourceTree = "<group>"; };
		A00D0CFC2B6025280034AE08 /* programmers-86491.swift */ = {isa = PBXFileReference; lastKnownFileType = sourcecode.swift; path = "programmers-86491.swift"; sourceTree = "<group>"; };
		A00D0ECB2BC123A800115998 /* 9012.swift */ = {isa = PBXFileReference; lastKnownFileType = sourcecode.swift; path = 9012.swift; sourceTree = "<group>"; };
		A00D0ECD2BC1395200115998 /* 10773.swift */ = {isa = PBXFileReference; lastKnownFileType = sourcecode.swift; path = 10773.swift; sourceTree = "<group>"; };
		A00D0ECF2BC3189B00115998 /* 10814.swift */ = {isa = PBXFileReference; lastKnownFileType = sourcecode.swift; path = 10814.swift; sourceTree = "<group>"; };
		A00D0ED12BC4135100115998 /* 10816.swift */ = {isa = PBXFileReference; lastKnownFileType = sourcecode.swift; path = 10816.swift; sourceTree = "<group>"; };
		A010F5DF2BB70A7A00F725FC /* 2775.swift */ = {isa = PBXFileReference; lastKnownFileType = sourcecode.swift; path = 2775.swift; sourceTree = "<group>"; };
		A010F5E12BB82DFD00F725FC /* 2798.swift */ = {isa = PBXFileReference; lastKnownFileType = sourcecode.swift; path = 2798.swift; sourceTree = "<group>"; };
		A01675502B56BC0100AFC9F5 /* 1524.swift */ = {isa = PBXFileReference; lastKnownFileType = sourcecode.swift; path = 1524.swift; sourceTree = "<group>"; };
		A028E6912BA3573A00234D57 /* 1676.swift */ = {isa = PBXFileReference; lastKnownFileType = sourcecode.swift; path = 1676.swift; sourceTree = "<group>"; };
		A037A9952B6FFA7C004638FF /* 1018.swift */ = {isa = PBXFileReference; lastKnownFileType = sourcecode.swift; path = 1018.swift; sourceTree = "<group>"; };
		A04DF8192BB9AD81003A6DAA /* 2839.swift */ = {isa = PBXFileReference; lastKnownFileType = sourcecode.swift; path = 2839.swift; sourceTree = "<group>"; };
		A04DF81B2BBA70C4003A6DAA /* 2869.swift */ = {isa = PBXFileReference; lastKnownFileType = sourcecode.swift; path = 2869.swift; sourceTree = "<group>"; };
		A05362B72BA5D5260037A69C /* 1874.swift */ = {isa = PBXFileReference; lastKnownFileType = sourcecode.swift; path = 1874.swift; sourceTree = "<group>"; };
		A05362B92BA7386A0037A69C /* 1920.swift */ = {isa = PBXFileReference; lastKnownFileType = sourcecode.swift; path = 1920.swift; sourceTree = "<group>"; };
		A06937CA2BB570A100A0FC8B /* 2751.swift */ = {isa = PBXFileReference; lastKnownFileType = sourcecode.swift; path = 2751.swift; sourceTree = "<group>"; };
		A09960532B4EF7BD007D3238 /* 1296.swift */ = {isa = PBXFileReference; lastKnownFileType = sourcecode.swift; path = 1296.swift; sourceTree = "<group>"; };
		A09960552B506A51007D3238 /* 1356.swift */ = {isa = PBXFileReference; lastKnownFileType = sourcecode.swift; path = 1356.swift; sourceTree = "<group>"; };
		A09960572B518379007D3238 /* 1357.swift */ = {isa = PBXFileReference; lastKnownFileType = sourcecode.swift; path = 1357.swift; sourceTree = "<group>"; };
		A0A269AF2BB05C8F0075CEE1 /* 2164.swift */ = {isa = PBXFileReference; lastKnownFileType = sourcecode.swift; path = 2164.swift; sourceTree = "<group>"; };
		A0A269B12BB1C7760075CEE1 /* 2231.swift */ = {isa = PBXFileReference; lastKnownFileType = sourcecode.swift; path = 2231.swift; sourceTree = "<group>"; };
		A0A269B32BB3195C0075CEE1 /* 2292.swift */ = {isa = PBXFileReference; lastKnownFileType = sourcecode.swift; path = 2292.swift; sourceTree = "<group>"; };
		A0A4902C2BBE431D00E1FFCA /* 4949.swift */ = {isa = PBXFileReference; lastKnownFileType = sourcecode.swift; path = 4949.swift; sourceTree = "<group>"; };
		A0A4902E2BC0183900E1FFCA /* 7568.swift */ = {isa = PBXFileReference; lastKnownFileType = sourcecode.swift; path = 7568.swift; sourceTree = "<group>"; };
		A0AA5DAA2BC8C36C004FCD48 /* 11866.swift */ = {isa = PBXFileReference; lastKnownFileType = sourcecode.swift; path = 11866.swift; sourceTree = "<group>"; };
		A0AA5DAC2BCA551C004FCD48 /* 15829.swift */ = {isa = PBXFileReference; lastKnownFileType = sourcecode.swift; path = 15829.swift; sourceTree = "<group>"; };
		A0AFB88E2BA1493500D239FD /* 1546.swift */ = {isa = PBXFileReference; lastKnownFileType = sourcecode.swift; path = 1546.swift; sourceTree = "<group>"; };
		A0AFB8902BA2136A00D239FD /* 1654.swift */ = {isa = PBXFileReference; lastKnownFileType = sourcecode.swift; path = 1654.swift; sourceTree = "<group>"; };
		A0B25A612BA8680F008947C2 /* 1929.swift */ = {isa = PBXFileReference; lastKnownFileType = sourcecode.swift; path = 1929.swift; sourceTree = "<group>"; };
		A0BDC5172B9C002C004CB2E2 /* 1259.swift */ = {isa = PBXFileReference; lastKnownFileType = sourcecode.swift; path = 1259.swift; sourceTree = "<group>"; };
		A0BDC5192B9C539C004CB2E2 /* 1436.swift */ = {isa = PBXFileReference; lastKnownFileType = sourcecode.swift; path = 1436.swift; sourceTree = "<group>"; };
		A0BEB1522B08D212002E6B94 /* 14467.swift */ = {isa = PBXFileReference; lastKnownFileType = sourcecode.swift; path = 14467.swift; sourceTree = "<group>"; };
		A0C75B022BBC2795005583F3 /* 4153.swift */ = {isa = PBXFileReference; lastKnownFileType = sourcecode.swift; path = 4153.swift; sourceTree = "<group>"; };
		A0CB3B182BC50D6400603F7D /* 10828.swift */ = {isa = PBXFileReference; lastKnownFileType = sourcecode.swift; path = 10828.swift; sourceTree = "<group>"; };
		A0CB3B1A2BC512DC00603F7D /* 10845.swift */ = {isa = PBXFileReference; lastKnownFileType = sourcecode.swift; path = 10845.swift; sourceTree = "<group>"; };
		A0CB3B2F2BC58D2100603F7D /* 10866.swift */ = {isa = PBXFileReference; lastKnownFileType = sourcecode.swift; path = 10866.swift; sourceTree = "<group>"; };
		A0CB3B312BC69BF200603F7D /* 10989.swift */ = {isa = PBXFileReference; lastKnownFileType = sourcecode.swift; path = 10989.swift; sourceTree = "<group>"; };
		A0CB3B332BC76D7300603F7D /* 11050.swift */ = {isa = PBXFileReference; lastKnownFileType = sourcecode.swift; path = 11050.swift; sourceTree = "<group>"; };
		A0CB3B352BC7E20700603F7D /* 11650.swift */ = {isa = PBXFileReference; lastKnownFileType = sourcecode.swift; path = 11650.swift; sourceTree = "<group>"; };
		A0CB3B372BC7E4CC00603F7D /* 11651.swift */ = {isa = PBXFileReference; lastKnownFileType = sourcecode.swift; path = 11651.swift; sourceTree = "<group>"; };
		A0DC0D252AF9DF6A00DEF5F9 /* 1292.swift */ = {isa = PBXFileReference; lastKnownFileType = sourcecode.swift; path = 1292.swift; sourceTree = "<group>"; };
		A0E04A192BADD387008ABF61 /* 2108.swift */ = {isa = PBXFileReference; lastKnownFileType = sourcecode.swift; path = 2108.swift; sourceTree = "<group>"; };
		A0E4F7052B80C70300361666 /* 1181.swift */ = {isa = PBXFileReference; lastKnownFileType = sourcecode.swift; path = 1181.swift; sourceTree = "<group>"; };
		A0E6C2DB2BB4429700D80FE1 /* 2609.swift */ = {isa = PBXFileReference; lastKnownFileType = sourcecode.swift; path = 2609.swift; sourceTree = "<group>"; };
		A0E9B5D22BA967A900DBF101 /* 1966.swift */ = {isa = PBXFileReference; lastKnownFileType = sourcecode.swift; path = 1966.swift; sourceTree = "<group>"; };
		A0F2C7442B05AC340005B095 /* 20546.swift */ = {isa = PBXFileReference; lastKnownFileType = sourcecode.swift; path = 20546.swift; sourceTree = "<group>"; };
		A0F30EBB2BAB2BE800DA0846 /* 1978.swift */ = {isa = PBXFileReference; lastKnownFileType = sourcecode.swift; path = 1978.swift; sourceTree = "<group>"; };
/* End PBXFileReference section */

/* Begin PBXFrameworksBuildPhase section */
		A00956412AF63C9E00A0146E /* Frameworks */ = {
			isa = PBXFrameworksBuildPhase;
			buildActionMask = 2147483647;
			files = (
			);
			runOnlyForDeploymentPostprocessing = 0;
		};
/* End PBXFrameworksBuildPhase section */

/* Begin PBXGroup section */
		A009563B2AF63C9E00A0146E = {
			isa = PBXGroup;
			children = (
				A00956752AF9DA2700A0146E /* README.md */,
				A00956462AF63C9E00A0146E /* Coding-test */,
				A00956452AF63C9E00A0146E /* Products */,
			);
			sourceTree = "<group>";
		};
		A00956452AF63C9E00A0146E /* Products */ = {
			isa = PBXGroup;
			children = (
				A00956442AF63C9E00A0146E /* Coding-test */,
			);
			name = Products;
			sourceTree = "<group>";
		};
		A00956462AF63C9E00A0146E /* Coding-test */ = {
			isa = PBXGroup;
			children = (
				A00956472AF63C9E00A0146E /* main.swift */,
				A0CB3B372BC7E4CC00603F7D /* 11651.swift */,
				A0CB3B182BC50D6400603F7D /* 10828.swift */,
				A0A269B32BB3195C0075CEE1 /* 2292.swift */,
				A0E04A192BADD387008ABF61 /* 2108.swift */,
				A0E9B5D22BA967A900DBF101 /* 1966.swift */,
				A0AFB8902BA2136A00D239FD /* 1654.swift */,
				A0AFB88E2BA1493500D239FD /* 1546.swift */,
				A01675502B56BC0100AFC9F5 /* 1524.swift */,
				A009564E2AF63CAE00A0146E /* 1316.swift */,
				A00956732AF862DF00A0146E /* 3040.swift */,
				A0DC0D252AF9DF6A00DEF5F9 /* 1292.swift */,
				A0F2C7442B05AC340005B095 /* 20546.swift */,
				A0BEB1522B08D212002E6B94 /* 14467.swift */,
				A00A3BFA2B4C48CA00433AEB /* 1157.swift */,
				A09960532B4EF7BD007D3238 /* 1296.swift */,
				A09960552B506A51007D3238 /* 1356.swift */,
				A09960572B518379007D3238 /* 1357.swift */,
				A00D0CFC2B6025280034AE08 /* programmers-86491.swift */,
				A037A9952B6FFA7C004638FF /* 1018.swift */,
				A0E4F7052B80C70300361666 /* 1181.swift */,
				A0BDC5172B9C002C004CB2E2 /* 1259.swift */,
				A0BDC5192B9C539C004CB2E2 /* 1436.swift */,
				A028E6912BA3573A00234D57 /* 1676.swift */,
				A05362B72BA5D5260037A69C /* 1874.swift */,
				A05362B92BA7386A0037A69C /* 1920.swift */,
				A0B25A612BA8680F008947C2 /* 1929.swift */,
				A0F30EBB2BAB2BE800DA0846 /* 1978.swift */,
				A0A269AF2BB05C8F0075CEE1 /* 2164.swift */,
				A0A269B12BB1C7760075CEE1 /* 2231.swift */,
				A0E6C2DB2BB4429700D80FE1 /* 2609.swift */,
				A06937CA2BB570A100A0FC8B /* 2751.swift */,
				A010F5DF2BB70A7A00F725FC /* 2775.swift */,
				A010F5E12BB82DFD00F725FC /* 2798.swift */,
				A04DF8192BB9AD81003A6DAA /* 2839.swift */,
				A04DF81B2BBA70C4003A6DAA /* 2869.swift */,
				A0C75B022BBC2795005583F3 /* 4153.swift */,
				A0A4902C2BBE431D00E1FFCA /* 4949.swift */,
				A0A4902E2BC0183900E1FFCA /* 7568.swift */,
				A00D0ECB2BC123A800115998 /* 9012.swift */,
				A00D0ECD2BC1395200115998 /* 10773.swift */,
				A00D0ECF2BC3189B00115998 /* 10814.swift */,
				A00D0ED12BC4135100115998 /* 10816.swift */,
				A0CB3B1A2BC512DC00603F7D /* 10845.swift */,
				A0CB3B2F2BC58D2100603F7D /* 10866.swift */,
				A0CB3B312BC69BF200603F7D /* 10989.swift */,
				A0CB3B332BC76D7300603F7D /* 11050.swift */,
				A0CB3B352BC7E20700603F7D /* 11650.swift */,
				A0AA5DAA2BC8C36C004FCD48 /* 11866.swift */,
				A0AA5DAC2BCA551C004FCD48 /* 15829.swift */,
			);
			path = "Coding-test";
			sourceTree = "<group>";
		};
/* End PBXGroup section */

/* Begin PBXNativeTarget section */
		A00956432AF63C9E00A0146E /* Coding-test */ = {
			isa = PBXNativeTarget;
			buildConfigurationList = A009564B2AF63C9E00A0146E /* Build configuration list for PBXNativeTarget "Coding-test" */;
			buildPhases = (
				A00956402AF63C9E00A0146E /* Sources */,
				A00956412AF63C9E00A0146E /* Frameworks */,
				A00956422AF63C9E00A0146E /* CopyFiles */,
			);
			buildRules = (
			);
			dependencies = (
			);
			name = "Coding-test";
			productName = "Coding-test";
			productReference = A00956442AF63C9E00A0146E /* Coding-test */;
			productType = "com.apple.product-type.tool";
		};
/* End PBXNativeTarget section */

/* Begin PBXProject section */
		A009563C2AF63C9E00A0146E /* Project object */ = {
			isa = PBXProject;
			attributes = {
				BuildIndependentTargetsInParallel = 1;
				LastSwiftUpdateCheck = 1500;
				LastUpgradeCheck = 1500;
				TargetAttributes = {
					A00956432AF63C9E00A0146E = {
						CreatedOnToolsVersion = 15.0.1;
					};
				};
			};
			buildConfigurationList = A009563F2AF63C9E00A0146E /* Build configuration list for PBXProject "Coding-test" */;
			compatibilityVersion = "Xcode 14.0";
			developmentRegion = en;
			hasScannedForEncodings = 0;
			knownRegions = (
				en,
				Base,
			);
			mainGroup = A009563B2AF63C9E00A0146E;
			productRefGroup = A00956452AF63C9E00A0146E /* Products */;
			projectDirPath = "";
			projectRoot = "";
			targets = (
				A00956432AF63C9E00A0146E /* Coding-test */,
			);
		};
/* End PBXProject section */

/* Begin PBXSourcesBuildPhase section */
		A00956402AF63C9E00A0146E /* Sources */ = {
			isa = PBXSourcesBuildPhase;
			buildActionMask = 2147483647;
			files = (
				A0A269B02BB05C8F0075CEE1 /* 2164.swift in Sources */,
				A09960562B506A51007D3238 /* 1356.swift in Sources */,
				A05362B82BA5D5260037A69C /* 1874.swift in Sources */,
				A0A4902D2BBE431D00E1FFCA /* 4949.swift in Sources */,
				A0E9B5D32BA967A900DBF101 /* 1966.swift in Sources */,
				A0BEB1532B08D212002E6B94 /* 14467.swift in Sources */,
				A0F2C7452B05AC340005B095 /* 20546.swift in Sources */,
				A0BDC51A2B9C539C004CB2E2 /* 1436.swift in Sources */,
				A0AA5DAB2BC8C36C004FCD48 /* 11866.swift in Sources */,
				A0A4902F2BC0183900E1FFCA /* 7568.swift in Sources */,
				A0CB3B322BC69BF200603F7D /* 10989.swift in Sources */,
				A09960582B518379007D3238 /* 1357.swift in Sources */,
				A0BDC5182B9C002C004CB2E2 /* 1259.swift in Sources */,
				A0E4F7062B80C70300361666 /* 1181.swift in Sources */,
				A0B25A622BA8680F008947C2 /* 1929.swift in Sources */,
				A0AA5DAD2BCA551C004FCD48 /* 15829.swift in Sources */,
				A00956742AF862DF00A0146E /* 3040.swift in Sources */,
				A04DF81C2BBA70C4003A6DAA /* 2869.swift in Sources */,
				A0CB3B192BC50D6400603F7D /* 10828.swift in Sources */,
				A010F5E02BB70A7A00F725FC /* 2775.swift in Sources */,
				A0AFB88F2BA1493500D239FD /* 1546.swift in Sources */,
				A0CB3B362BC7E20700603F7D /* 11650.swift in Sources */,
				A0CB3B382BC7E4CC00603F7D /* 11651.swift in Sources */,
				A0CB3B342BC76D7300603F7D /* 11050.swift in Sources */,
				A01675512B56BC0100AFC9F5 /* 1524.swift in Sources */,
				A04DF81A2BB9AD81003A6DAA /* 2839.swift in Sources */,
				A037A9962B6FFA7C004638FF /* 1018.swift in Sources */,
				A00D0CFD2B6025280034AE08 /* programmers-86491.swift in Sources */,
				A00A3BFB2B4C48CA00433AEB /* 1157.swift in Sources */,
				A0C75B032BBC2795005583F3 /* 4153.swift in Sources */,
				A0A269B22BB1C7760075CEE1 /* 2231.swift in Sources */,
				A0E04A1A2BADD387008ABF61 /* 2108.swift in Sources */,
				A009564F2AF63CAE00A0146E /* 1316.swift in Sources */,
				A0E6C2DC2BB4429700D80FE1 /* 2609.swift in Sources */,
				A00D0ECE2BC1395200115998 /* 10773.swift in Sources */,
				A00D0ED22BC4135100115998 /* 10816.swift in Sources */,
				A0CB3B1B2BC512DC00603F7D /* 10845.swift in Sources */,
				A0CB3B302BC58D2100603F7D /* 10866.swift in Sources */,
				A00D0ED02BC3189B00115998 /* 10814.swift in Sources */,
				A00956482AF63C9E00A0146E /* main.swift in Sources */,
				A06937CB2BB570A100A0FC8B /* 2751.swift in Sources */,
				A028E6922BA3573A00234D57 /* 1676.swift in Sources */,
				A0DC0D262AF9DF6A00DEF5F9 /* 1292.swift in Sources */,
				A09960542B4EF7BD007D3238 /* 1296.swift in Sources */,
				A0A269B42BB3195C0075CEE1 /* 2292.swift in Sources */,
				A00D0ECC2BC123A800115998 /* 9012.swift in Sources */,
				A05362BA2BA7386A0037A69C /* 1920.swift in Sources */,
				A0F30EBC2BAB2BE800DA0846 /* 1978.swift in Sources */,
				A0AFB8912BA2136A00D239FD /* 1654.swift in Sources */,
				A010F5E22BB82DFD00F725FC /* 2798.swift in Sources */,
			);
			runOnlyForDeploymentPostprocessing = 0;
		};
/* End PBXSourcesBuildPhase section */

/* Begin XCBuildConfiguration section */
		A00956492AF63C9E00A0146E /* Debug */ = {
			isa = XCBuildConfiguration;
			buildSettings = {
				ALWAYS_SEARCH_USER_PATHS = NO;
				ASSETCATALOG_COMPILER_GENERATE_SWIFT_ASSET_SYMBOL_EXTENSIONS = YES;
				CLANG_ANALYZER_NONNULL = YES;
				CLANG_ANALYZER_NUMBER_OBJECT_CONVERSION = YES_AGGRESSIVE;
				CLANG_CXX_LANGUAGE_STANDARD = "gnu++20";
				CLANG_ENABLE_MODULES = YES;
				CLANG_ENABLE_OBJC_ARC = YES;
				CLANG_ENABLE_OBJC_WEAK = YES;
				CLANG_WARN_BLOCK_CAPTURE_AUTORELEASING = YES;
				CLANG_WARN_BOOL_CONVERSION = YES;
				CLANG_WARN_COMMA = YES;
				CLANG_WARN_CONSTANT_CONVERSION = YES;
				CLANG_WARN_DEPRECATED_OBJC_IMPLEMENTATIONS = YES;
				CLANG_WARN_DIRECT_OBJC_ISA_USAGE = YES_ERROR;
				CLANG_WARN_DOCUMENTATION_COMMENTS = YES;
				CLANG_WARN_EMPTY_BODY = YES;
				CLANG_WARN_ENUM_CONVERSION = YES;
				CLANG_WARN_INFINITE_RECURSION = YES;
				CLANG_WARN_INT_CONVERSION = YES;
				CLANG_WARN_NON_LITERAL_NULL_CONVERSION = YES;
				CLANG_WARN_OBJC_IMPLICIT_RETAIN_SELF = YES;
				CLANG_WARN_OBJC_LITERAL_CONVERSION = YES;
				CLANG_WARN_OBJC_ROOT_CLASS = YES_ERROR;
				CLANG_WARN_QUOTED_INCLUDE_IN_FRAMEWORK_HEADER = YES;
				CLANG_WARN_RANGE_LOOP_ANALYSIS = YES;
				CLANG_WARN_STRICT_PROTOTYPES = YES;
				CLANG_WARN_SUSPICIOUS_MOVE = YES;
				CLANG_WARN_UNGUARDED_AVAILABILITY = YES_AGGRESSIVE;
				CLANG_WARN_UNREACHABLE_CODE = YES;
				CLANG_WARN__DUPLICATE_METHOD_MATCH = YES;
				COPY_PHASE_STRIP = NO;
				DEBUG_INFORMATION_FORMAT = dwarf;
				ENABLE_STRICT_OBJC_MSGSEND = YES;
				ENABLE_TESTABILITY = YES;
				ENABLE_USER_SCRIPT_SANDBOXING = YES;
				GCC_C_LANGUAGE_STANDARD = gnu17;
				GCC_DYNAMIC_NO_PIC = NO;
				GCC_NO_COMMON_BLOCKS = YES;
				GCC_OPTIMIZATION_LEVEL = 0;
				GCC_PREPROCESSOR_DEFINITIONS = (
					"DEBUG=1",
					"$(inherited)",
				);
				GCC_WARN_64_TO_32_BIT_CONVERSION = YES;
				GCC_WARN_ABOUT_RETURN_TYPE = YES_ERROR;
				GCC_WARN_UNDECLARED_SELECTOR = YES;
				GCC_WARN_UNINITIALIZED_AUTOS = YES_AGGRESSIVE;
				GCC_WARN_UNUSED_FUNCTION = YES;
				GCC_WARN_UNUSED_VARIABLE = YES;
				LOCALIZATION_PREFERS_STRING_CATALOGS = YES;
				MACOSX_DEPLOYMENT_TARGET = 14.0;
				MTL_ENABLE_DEBUG_INFO = INCLUDE_SOURCE;
				MTL_FAST_MATH = YES;
				ONLY_ACTIVE_ARCH = YES;
				SDKROOT = macosx;
				SWIFT_ACTIVE_COMPILATION_CONDITIONS = "DEBUG $(inherited)";
				SWIFT_OPTIMIZATION_LEVEL = "-Onone";
			};
			name = Debug;
		};
		A009564A2AF63C9E00A0146E /* Release */ = {
			isa = XCBuildConfiguration;
			buildSettings = {
				ALWAYS_SEARCH_USER_PATHS = NO;
				ASSETCATALOG_COMPILER_GENERATE_SWIFT_ASSET_SYMBOL_EXTENSIONS = YES;
				CLANG_ANALYZER_NONNULL = YES;
				CLANG_ANALYZER_NUMBER_OBJECT_CONVERSION = YES_AGGRESSIVE;
				CLANG_CXX_LANGUAGE_STANDARD = "gnu++20";
				CLANG_ENABLE_MODULES = YES;
				CLANG_ENABLE_OBJC_ARC = YES;
				CLANG_ENABLE_OBJC_WEAK = YES;
				CLANG_WARN_BLOCK_CAPTURE_AUTORELEASING = YES;
				CLANG_WARN_BOOL_CONVERSION = YES;
				CLANG_WARN_COMMA = YES;
				CLANG_WARN_CONSTANT_CONVERSION = YES;
				CLANG_WARN_DEPRECATED_OBJC_IMPLEMENTATIONS = YES;
				CLANG_WARN_DIRECT_OBJC_ISA_USAGE = YES_ERROR;
				CLANG_WARN_DOCUMENTATION_COMMENTS = YES;
				CLANG_WARN_EMPTY_BODY = YES;
				CLANG_WARN_ENUM_CONVERSION = YES;
				CLANG_WARN_INFINITE_RECURSION = YES;
				CLANG_WARN_INT_CONVERSION = YES;
				CLANG_WARN_NON_LITERAL_NULL_CONVERSION = YES;
				CLANG_WARN_OBJC_IMPLICIT_RETAIN_SELF = YES;
				CLANG_WARN_OBJC_LITERAL_CONVERSION = YES;
				CLANG_WARN_OBJC_ROOT_CLASS = YES_ERROR;
				CLANG_WARN_QUOTED_INCLUDE_IN_FRAMEWORK_HEADER = YES;
				CLANG_WARN_RANGE_LOOP_ANALYSIS = YES;
				CLANG_WARN_STRICT_PROTOTYPES = YES;
				CLANG_WARN_SUSPICIOUS_MOVE = YES;
				CLANG_WARN_UNGUARDED_AVAILABILITY = YES_AGGRESSIVE;
				CLANG_WARN_UNREACHABLE_CODE = YES;
				CLANG_WARN__DUPLICATE_METHOD_MATCH = YES;
				COPY_PHASE_STRIP = NO;
				DEBUG_INFORMATION_FORMAT = "dwarf-with-dsym";
				ENABLE_NS_ASSERTIONS = NO;
				ENABLE_STRICT_OBJC_MSGSEND = YES;
				ENABLE_USER_SCRIPT_SANDBOXING = YES;
				GCC_C_LANGUAGE_STANDARD = gnu17;
				GCC_NO_COMMON_BLOCKS = YES;
				GCC_WARN_64_TO_32_BIT_CONVERSION = YES;
				GCC_WARN_ABOUT_RETURN_TYPE = YES_ERROR;
				GCC_WARN_UNDECLARED_SELECTOR = YES;
				GCC_WARN_UNINITIALIZED_AUTOS = YES_AGGRESSIVE;
				GCC_WARN_UNUSED_FUNCTION = YES;
				GCC_WARN_UNUSED_VARIABLE = YES;
				LOCALIZATION_PREFERS_STRING_CATALOGS = YES;
				MACOSX_DEPLOYMENT_TARGET = 14.0;
				MTL_ENABLE_DEBUG_INFO = NO;
				MTL_FAST_MATH = YES;
				SDKROOT = macosx;
				SWIFT_COMPILATION_MODE = wholemodule;
			};
			name = Release;
		};
		A009564C2AF63C9E00A0146E /* Debug */ = {
			isa = XCBuildConfiguration;
			buildSettings = {
				CODE_SIGN_STYLE = Automatic;
				DEVELOPMENT_TEAM = R442X5K7RC;
				ENABLE_HARDENED_RUNTIME = YES;
				PRODUCT_NAME = "$(TARGET_NAME)";
				SWIFT_VERSION = 5.0;
			};
			name = Debug;
		};
		A009564D2AF63C9E00A0146E /* Release */ = {
			isa = XCBuildConfiguration;
			buildSettings = {
				CODE_SIGN_STYLE = Automatic;
				DEVELOPMENT_TEAM = R442X5K7RC;
				ENABLE_HARDENED_RUNTIME = YES;
				PRODUCT_NAME = "$(TARGET_NAME)";
				SWIFT_VERSION = 5.0;
			};
			name = Release;
		};
/* End XCBuildConfiguration section */

/* Begin XCConfigurationList section */
		A009563F2AF63C9E00A0146E /* Build configuration list for PBXProject "Coding-test" */ = {
			isa = XCConfigurationList;
			buildConfigurations = (
				A00956492AF63C9E00A0146E /* Debug */,
				A009564A2AF63C9E00A0146E /* Release */,
			);
			defaultConfigurationIsVisible = 0;
			defaultConfigurationName = Release;
		};
		A009564B2AF63C9E00A0146E /* Build configuration list for PBXNativeTarget "Coding-test" */ = {
			isa = XCConfigurationList;
			buildConfigurations = (
				A009564C2AF63C9E00A0146E /* Debug */,
				A009564D2AF63C9E00A0146E /* Release */,
			);
			defaultConfigurationIsVisible = 0;
			defaultConfigurationName = Release;
		};
/* End XCConfigurationList section */
	};
	rootObject = A009563C2AF63C9E00A0146E /* Project object */;
}
